
Microsoft Visual Studio Solution File, Format Version 12.00
# Visual Studio Version 16
VisualStudioVersion = 16.0.29728.190
MinimumVisualStudioVersion = 10.0.40219.1
Project("{FAE04EC0-301F-11D3-BF4B-00C04F79EFBC}") = "Project B", "Project B\Project B.csproj", "{92A76221-6DF5-4789-88DB-AFF962162652}"
EndProject
Global
	GlobalSection(SolutionConfigurationPlatforms) = preSolution
		Debug|Any CPU = Debug|Any CPU
		Release|Any CPU = Release|Any CPU
	EndGlobalSection
	GlobalSection(ProjectConfigurationPlatforms) = postSolution
		{92A76221-6DF5-4789-88DB-AFF962162652}.Debug|Any CPU.ActiveCfg = Debug|Any CPU
		{92A76221-6DF5-4789-88DB-AFF962162652}.Debug|Any CPU.Build.0 = Debug|Any CPU
		{92A76221-6DF5-4789-88DB-AFF962162652}.Release|Any CPU.ActiveCfg = Release|Any CPU
		{92A76221-6DF5-4789-88DB-AFF962162652}.Release|Any CPU.Build.0 = Release|Any CPU
	EndGlobalSection
	GlobalSection(SolutionProperties) = preSolution
		HideSolutionNode = FALSE
	EndGlobalSection
	GlobalSection(ExtensibilityGlobals) = postSolution
		SolutionGuid = {79866F75-063B-4553-A9A9-80B77E396C4D}
	EndGlobalSection
EndGlobal
